
Microsoft Visual Studio Solution File, Format Version 12.00
# Visual Studio Version 17
VisualStudioVersion = 17.14.37111.16 d17.14
MinimumVisualStudioVersion = 10.0.40219.1
Project("{FAE04EC0-301F-11D3-BF4B-00C04F79EFBC}") = "Train_reservation", "Train_reservation\Train_reservation.csproj", "{9B28E7E6-0E63-463A-BAB3-BC45F1520A84}"
EndProject
Global
	GlobalSection(SolutionConfigurationPlatforms) = preSolution
		Debug|Any CPU = Debug|Any CPU
		Release|Any CPU = Release|Any CPU
	EndGlobalSection
	GlobalSection(ProjectConfigurationPlatforms) = postSolution
		{9B28E7E6-0E63-463A-BAB3-BC45F1520A84}.Debug|Any CPU.ActiveCfg = Debug|Any CPU
		{9B28E7E6-0E63-463A-BAB3-BC45F1520A84}.Debug|Any CPU.Build.0 = Debug|Any CPU
		{9B28E7E6-0E63-463A-BAB3-BC45F1520A84}.Release|Any CPU.ActiveCfg = Release|Any CPU
		{9B28E7E6-0E63-463A-BAB3-BC45F1520A84}.Release|Any CPU.Build.0 = Release|Any CPU
	EndGlobalSection
	GlobalSection(SolutionProperties) = preSolution
		HideSolutionNode = FALSE
	EndGlobalSection
	GlobalSection(ExtensibilityGlobals) = postSolution
		SolutionGuid = {6EC48ECA-43A2-4D5B-80CD-BA9D7BFF7808}
	EndGlobalSection
EndGlobal
