
Microsoft Visual Studio Solution File, Format Version 12.00
# Visual Studio Version 17
VisualStudioVersion = 17.14.37111.16 d17.14
MinimumVisualStudioVersion = 10.0.40219.1
Project("{FAE04EC0-301F-11D3-BF4B-00C04F79EFBC}") = "Assessment1", "Assessment1\Assessment1.csproj", "{A72FC73F-31E9-432C-BCD3-A2044568DC35}"
EndProject
Project("{FAE04EC0-301F-11D3-BF4B-00C04F79EFBC}") = "Assessment1_ques2", "Assessment1_ques2\Assessment1_ques2.csproj", "{40BF4466-CDDA-42A9-BA35-7A9E938A5828}"
EndProject
Global
	GlobalSection(SolutionConfigurationPlatforms) = preSolution
		Debug|Any CPU = Debug|Any CPU
		Release|Any CPU = Release|Any CPU
	EndGlobalSection
	GlobalSection(ProjectConfigurationPlatforms) = postSolution
		{A72FC73F-31E9-432C-BCD3-A2044568DC35}.Debug|Any CPU.ActiveCfg = Debug|Any CPU
		{A72FC73F-31E9-432C-BCD3-A2044568DC35}.Debug|Any CPU.Build.0 = Debug|Any CPU
		{A72FC73F-31E9-432C-BCD3-A2044568DC35}.Release|Any CPU.ActiveCfg = Release|Any CPU
		{A72FC73F-31E9-432C-BCD3-A2044568DC35}.Release|Any CPU.Build.0 = Release|Any CPU
		{40BF4466-CDDA-42A9-BA35-7A9E938A5828}.Debug|Any CPU.ActiveCfg = Debug|Any CPU
		{40BF4466-CDDA-42A9-BA35-7A9E938A5828}.Debug|Any CPU.Build.0 = Debug|Any CPU
		{40BF4466-CDDA-42A9-BA35-7A9E938A5828}.Release|Any CPU.ActiveCfg = Release|Any CPU
		{40BF4466-CDDA-42A9-BA35-7A9E938A5828}.Release|Any CPU.Build.0 = Release|Any CPU
	EndGlobalSection
	GlobalSection(SolutionProperties) = preSolution
		HideSolutionNode = FALSE
	EndGlobalSection
	GlobalSection(ExtensibilityGlobals) = postSolution
		SolutionGuid = {E05D54A9-2E1A-4F5C-97C1-DE5B9485A93A}
	EndGlobalSection
EndGlobal
