
Microsoft Visual Studio Solution File, Format Version 12.00
# Visual Studio Version 17
VisualStudioVersion = 17.14.37111.16 d17.14
MinimumVisualStudioVersion = 10.0.40219.1
Project("{FAE04EC0-301F-11D3-BF4B-00C04F79EFBC}") = "Assessment", "Assessment\Assessment.csproj", "{EF80027D-A1D9-4A34-872D-1F9FC4DEEDA4}"
EndProject
Global
	GlobalSection(SolutionConfigurationPlatforms) = preSolution
		Debug|Any CPU = Debug|Any CPU
		Release|Any CPU = Release|Any CPU
	EndGlobalSection
	GlobalSection(ProjectConfigurationPlatforms) = postSolution
		{EF80027D-A1D9-4A34-872D-1F9FC4DEEDA4}.Debug|Any CPU.ActiveCfg = Debug|Any CPU
		{EF80027D-A1D9-4A34-872D-1F9FC4DEEDA4}.Debug|Any CPU.Build.0 = Debug|Any CPU
		{EF80027D-A1D9-4A34-872D-1F9FC4DEEDA4}.Release|Any CPU.ActiveCfg = Release|Any CPU
		{EF80027D-A1D9-4A34-872D-1F9FC4DEEDA4}.Release|Any CPU.Build.0 = Release|Any CPU
	EndGlobalSection
	GlobalSection(SolutionProperties) = preSolution
		HideSolutionNode = FALSE
	EndGlobalSection
	GlobalSection(ExtensibilityGlobals) = postSolution
		SolutionGuid = {CC96C059-8159-4927-B4E3-70F4C9BF4028}
	EndGlobalSection
EndGlobal
